<?xml version="1.0" encoding="utf-8"?>
<Project ToolsVersion="4.0" xmlns="http://schemas.microsoft.com/developer/msbuild/2003">
  <ItemGroup>
    <Filter Include="src">
      <UniqueIdentifier>{4FC737F1-C7A5-4376-A066-2A32D752A2FF}</UniqueIdentifier>
      <Extensions>h;hh;hpp;hxx;hm;inl;inc;xsd;cpp;c;cc;cxx;def;odl;idl;hpj;bat;asm;asmx</Extensions>
    </Filter>
  </ItemGroup>
  <ItemGroup>
    <ClInclude Include="src\CPUWarmUp.h">
      <Filter>src</Filter>
    </ClInclude>
    <ClInclude Include="src\StopWatch.h">
      <Filter>src</Filter>
    </ClInclude>
    <ClInclude Include="src\SudokuSolver.h">
      <Filter>src</Filter>
    </ClInclude>
    <ClInclude Include="src\SudokuSolver_v1.h">
      <Filter>src</Filter>
    </ClInclude>
    <ClInclude Include="src\SudokuSolver_v2.h">
      <Filter>src</Filter>
    </ClInclude>
    <ClInclude Include="src\SudokuSolver_v3.h">
      <Filter>src</Filter>
    </ClInclude>
    <ClInclude Include="src\SudokuSolver_v4.h">
      <Filter>src</Filter>
    </ClInclude>
    <ClInclude Include="src\SudokuSolver_v5.h">
      <Filter>src</Filter>
    </ClInclude>
    <ClInclude Include="src\ice_sudoku_solver.h">
      <Filter>src</Filter>
    </ClInclude>
    <ClInclude Include="src\SudokuSolver_v6.h">
      <Filter>src</Filter>
    </ClInclude>
  </ItemGroup>
  <ItemGroup>
    <ClCompile Include="src\Solution.cpp">
      <Filter>src</Filter>
    </ClCompile>
    <ClCompile Include="src\SudokuSolver_v1.cpp">
      <Filter>src</Filter>
    </ClCompile>
    <ClCompile Include="src\ice_sudoku_solver.c">
      <Filter>src</Filter>
    </ClCompile>
  </ItemGroup>
</Project>